
Microsoft Visual Studio Solution File, Format Version 12.00
# Visual Studio Version 17
VisualStudioVersion = 17.11.35327.3
MinimumVisualStudioVersion = 10.0.40219.1
Project("{FAE04EC0-301F-11D3-BF4B-00C04F79EFBC}") = "ByteCounter", "ByteCounter\ByteCounter.csproj", "{512D1C61-FAD8-4E8A-8ECC-DD999300E7D1}"
EndProject
Global
	GlobalSection(SolutionConfigurationPlatforms) = preSolution
		Debug|Any CPU = Debug|Any CPU
		Release|Any CPU = Release|Any CPU
	EndGlobalSection
	GlobalSection(ProjectConfigurationPlatforms) = postSolution
		{512D1C61-FAD8-4E8A-8ECC-DD999300E7D1}.Debug|Any CPU.ActiveCfg = Debug|Any CPU
		{512D1C61-FAD8-4E8A-8ECC-DD999300E7D1}.Debug|Any CPU.Build.0 = Debug|Any CPU
		{512D1C61-FAD8-4E8A-8ECC-DD999300E7D1}.Release|Any CPU.ActiveCfg = Release|Any CPU
		{512D1C61-FAD8-4E8A-8ECC-DD999300E7D1}.Release|Any CPU.Build.0 = Release|Any CPU
	EndGlobalSection
	GlobalSection(SolutionProperties) = preSolution
		HideSolutionNode = FALSE
	EndGlobalSection
	GlobalSection(ExtensibilityGlobals) = postSolution
		SolutionGuid = {D3D2DBBC-101A-4876-905F-D1FCA7D69F1D}
	EndGlobalSection
EndGlobal
